
Microsoft Visual Studio Solution File, Format Version 12.00
# Visual Studio Version 16
VisualStudioVersion = 16.0.28922.388
MinimumVisualStudioVersion = 10.0.40219.1
Project("{FAE04EC0-301F-11D3-BF4B-00C04F79EFBC}") = "WebAPI", "WebAPI\WebAPI.csproj", "{4028744A-5D19-4E3B-9CAF-69B98ADA7FFD}"
EndProject
Project("{FAE04EC0-301F-11D3-BF4B-00C04F79EFBC}") = "Business", "Business\Business.csproj", "{B9E253B4-7293-4EEA-9330-F161DA1AA97C}"
EndProject
Project("{FAE04EC0-301F-11D3-BF4B-00C04F79EFBC}") = "Core", "Core\Core.csproj", "{17C35D0B-A51C-4EDB-84BD-C1D335FA69E1}"
EndProject
Project("{00D1A9C2-B5F0-4AF3-8072-F6C62B433612}") = "Database", "Database\Database.sqlproj", "{3D7A7DE3-6019-463D-8D5D-46A58224F0B3}"
EndProject
Global
	GlobalSection(SolutionConfigurationPlatforms) = preSolution
		Debug|Any CPU = Debug|Any CPU
		Release|Any CPU = Release|Any CPU
	EndGlobalSection
	GlobalSection(ProjectConfigurationPlatforms) = postSolution
		{4028744A-5D19-4E3B-9CAF-69B98ADA7FFD}.Debug|Any CPU.ActiveCfg = Debug|Any CPU
		{4028744A-5D19-4E3B-9CAF-69B98ADA7FFD}.Debug|Any CPU.Build.0 = Debug|Any CPU
		{4028744A-5D19-4E3B-9CAF-69B98ADA7FFD}.Release|Any CPU.ActiveCfg = Release|Any CPU
		{4028744A-5D19-4E3B-9CAF-69B98ADA7FFD}.Release|Any CPU.Build.0 = Release|Any CPU
		{B9E253B4-7293-4EEA-9330-F161DA1AA97C}.Debug|Any CPU.ActiveCfg = Debug|Any CPU
		{B9E253B4-7293-4EEA-9330-F161DA1AA97C}.Debug|Any CPU.Build.0 = Debug|Any CPU
		{B9E253B4-7293-4EEA-9330-F161DA1AA97C}.Release|Any CPU.ActiveCfg = Release|Any CPU
		{B9E253B4-7293-4EEA-9330-F161DA1AA97C}.Release|Any CPU.Build.0 = Release|Any CPU
		{17C35D0B-A51C-4EDB-84BD-C1D335FA69E1}.Debug|Any CPU.ActiveCfg = Debug|Any CPU
		{17C35D0B-A51C-4EDB-84BD-C1D335FA69E1}.Debug|Any CPU.Build.0 = Debug|Any CPU
		{17C35D0B-A51C-4EDB-84BD-C1D335FA69E1}.Release|Any CPU.ActiveCfg = Release|Any CPU
		{17C35D0B-A51C-4EDB-84BD-C1D335FA69E1}.Release|Any CPU.Build.0 = Release|Any CPU
		{3D7A7DE3-6019-463D-8D5D-46A58224F0B3}.Debug|Any CPU.ActiveCfg = Debug|Any CPU
		{3D7A7DE3-6019-463D-8D5D-46A58224F0B3}.Debug|Any CPU.Build.0 = Debug|Any CPU
		{3D7A7DE3-6019-463D-8D5D-46A58224F0B3}.Debug|Any CPU.Deploy.0 = Debug|Any CPU
		{3D7A7DE3-6019-463D-8D5D-46A58224F0B3}.Release|Any CPU.ActiveCfg = Release|Any CPU
		{3D7A7DE3-6019-463D-8D5D-46A58224F0B3}.Release|Any CPU.Build.0 = Release|Any CPU
		{3D7A7DE3-6019-463D-8D5D-46A58224F0B3}.Release|Any CPU.Deploy.0 = Release|Any CPU
	EndGlobalSection
	GlobalSection(SolutionProperties) = preSolution
		HideSolutionNode = FALSE
	EndGlobalSection
	GlobalSection(ExtensibilityGlobals) = postSolution
		SolutionGuid = {89EA4360-0172-47A2-8FF2-1D0C7B0E058B}
	EndGlobalSection
EndGlobal
